
Microsoft Visual Studio Solution File, Format Version 12.00
# Visual Studio Version 16
VisualStudioVersion = 16.0.31005.135
MinimumVisualStudioVersion = 10.0.40219.1
Project("{FAE04EC0-301F-11D3-BF4B-00C04F79EFBC}") = "LinesinRows_AutoClicker", "LinesinRows_AutoClicker\LinesinRows_AutoClicker.csproj", "{8E8ED104-5763-4A31-93D6-F00C6BC53901}"
EndProject
Global
	GlobalSection(SolutionConfigurationPlatforms) = preSolution
		Debug|Any CPU = Debug|Any CPU
		Release|Any CPU = Release|Any CPU
	EndGlobalSection
	GlobalSection(ProjectConfigurationPlatforms) = postSolution
		{8E8ED104-5763-4A31-93D6-F00C6BC53901}.Debug|Any CPU.ActiveCfg = Debug|Any CPU
		{8E8ED104-5763-4A31-93D6-F00C6BC53901}.Debug|Any CPU.Build.0 = Debug|Any CPU
		{8E8ED104-5763-4A31-93D6-F00C6BC53901}.Release|Any CPU.ActiveCfg = Release|Any CPU
		{8E8ED104-5763-4A31-93D6-F00C6BC53901}.Release|Any CPU.Build.0 = Release|Any CPU
	EndGlobalSection
	GlobalSection(SolutionProperties) = preSolution
		HideSolutionNode = FALSE
	EndGlobalSection
	GlobalSection(ExtensibilityGlobals) = postSolution
		SolutionGuid = {A5E56484-9405-407A-9E5E-7974D7DCF46E}
	EndGlobalSection
EndGlobal
